
Microsoft Visual Studio Solution File, Format Version 12.00
# Visual Studio Version 17
VisualStudioVersion = 17.14.36811.4 d17.14
MinimumVisualStudioVersion = 10.0.40219.1
Project("{FAE04EC0-301F-11D3-BF4B-00C04F79EFBC}") = "Exceptions - 01 - Person & Datum - 1", "Exceptions - 01 - Person &amp; Datum\Exceptions - 01 - Person & Datum - 1.csproj", "{A1297D06-B137-4EAC-AB18-CFDE3976FA07}"
EndProject
Project("{FAE04EC0-301F-11D3-BF4B-00C04F79EFBC}") = "Exceptions - 01 - Person & Datum - 2", "01 - Ausnahmebehandlung - 2\Exceptions - 01 - Person & Datum - 2.csproj", "{889DBA5A-ABBF-4709-ABF1-650EA71F8135}"
EndProject
Project("{FAE04EC0-301F-11D3-BF4B-00C04F79EFBC}") = "Exceptions - 02 - Bahnhöfe &amp; Züge", "Exceptions - 02 - Bahnhöfe &amp; Züge\Exceptions - 02 - Bahnhöfe &amp; Züge.csproj", "{246B2F98-0963-4BC0-BC9F-236BE9470944}"
EndProject
Global
	GlobalSection(SolutionConfigurationPlatforms) = preSolution
		Debug|Any CPU = Debug|Any CPU
		Release|Any CPU = Release|Any CPU
	EndGlobalSection
	GlobalSection(ProjectConfigurationPlatforms) = postSolution
		{A1297D06-B137-4EAC-AB18-CFDE3976FA07}.Debug|Any CPU.ActiveCfg = Debug|Any CPU
		{A1297D06-B137-4EAC-AB18-CFDE3976FA07}.Debug|Any CPU.Build.0 = Debug|Any CPU
		{A1297D06-B137-4EAC-AB18-CFDE3976FA07}.Release|Any CPU.ActiveCfg = Release|Any CPU
		{A1297D06-B137-4EAC-AB18-CFDE3976FA07}.Release|Any CPU.Build.0 = Release|Any CPU
		{889DBA5A-ABBF-4709-ABF1-650EA71F8135}.Debug|Any CPU.ActiveCfg = Debug|Any CPU
		{889DBA5A-ABBF-4709-ABF1-650EA71F8135}.Debug|Any CPU.Build.0 = Debug|Any CPU
		{889DBA5A-ABBF-4709-ABF1-650EA71F8135}.Release|Any CPU.ActiveCfg = Release|Any CPU
		{889DBA5A-ABBF-4709-ABF1-650EA71F8135}.Release|Any CPU.Build.0 = Release|Any CPU
		{246B2F98-0963-4BC0-BC9F-236BE9470944}.Debug|Any CPU.ActiveCfg = Debug|Any CPU
		{246B2F98-0963-4BC0-BC9F-236BE9470944}.Debug|Any CPU.Build.0 = Debug|Any CPU
		{246B2F98-0963-4BC0-BC9F-236BE9470944}.Release|Any CPU.ActiveCfg = Release|Any CPU
		{246B2F98-0963-4BC0-BC9F-236BE9470944}.Release|Any CPU.Build.0 = Release|Any CPU
	EndGlobalSection
	GlobalSection(SolutionProperties) = preSolution
		HideSolutionNode = FALSE
	EndGlobalSection
	GlobalSection(ExtensibilityGlobals) = postSolution
		SolutionGuid = {31E25A97-E63B-4EAE-AFB5-26966F93155D}
	EndGlobalSection
EndGlobal
